<?xml version="1.0" encoding="utf-8"?>
<Project ToolsVersion="4.0" xmlns="http://schemas.microsoft.com/developer/msbuild/2003">
  <ItemGroup>
    <Filter Include="Source Files">
      <UniqueIdentifier>{4FC737F1-C7A5-4376-A066-2A32D752A2FF}</UniqueIdentifier>
      <Extensions>cpp;c;cc;cxx;c++;cppm;ixx;def;odl;idl;hpj;bat;asm;asmx</Extensions>
    </Filter>
    <Filter Include="Header Files">
      <UniqueIdentifier>{93995380-89BD-4b04-88EB-625FBE52EBFB}</UniqueIdentifier>
      <Extensions>h;hh;hpp;hxx;h++;hm;inl;inc;ipp;xsd</Extensions>
    </Filter>
    <Filter Include="Resource Files">
      <UniqueIdentifier>{67DA6AB6-F800-4c08-8B7A-83BB121AAD01}</UniqueIdentifier>
      <Extensions>rc;ico;cur;bmp;dlg;rc2;rct;bin;rgs;gif;jpg;jpeg;jpe;resx;tiff;tif;png;wav;mfcribbon-ms</Extensions>
    </Filter>
    <Filter Include="Source Files\Imaging">
      <UniqueIdentifier>{2a96d255-af9e-48ff-83f2-89276ad4795a}</UniqueIdentifier>
    </Filter>
    <Filter Include="Header Files\Imaging">
      <UniqueIdentifier>{6b321ef2-bf61-4985-860b-75359b52348f}</UniqueIdentifier>
    </Filter>
  </ItemGroup>
  <ItemGroup>
    <ClCompile Include="HdMaxEngine.cpp">
      <Filter>Source Files</Filter>
    </ClCompile>
    <ClCompile Include="HdMaxConsolidator.cpp">
      <Filter>Source Files</Filter>
    </ClCompile>
    <ClCompile Include="HdMaxInstanceGen.cpp">
      <Filter>Source Files</Filter>
    </ClCompile>
    <ClCompile Include="HdMaxRenderData.cpp">
      <Filter>Source Files</Filter>
    </ClCompile>
    <ClCompile Include="Imaging\HdMaxExtComputation.cpp">
      <Filter>Source Files\Imaging</Filter>
    </ClCompile>
    <ClCompile Include="Imaging\HdMaxInstancer.cpp">
      <Filter>Source Files\Imaging</Filter>
    </ClCompile>
    <ClCompile Include="Imaging\HdMaxMaterial.cpp">
      <Filter>Source Files\Imaging</Filter>
    </ClCompile>
    <ClCompile Include="Imaging\HdMaxMesh.cpp">
      <Filter>Source Files\Imaging</Filter>
    </ClCompile>
    <ClCompile Include="Imaging\HdMaxRenderDelegate.cpp">
      <Filter>Source Files\Imaging</Filter>
    </ClCompile>
    <ClCompile Include="Imaging\HdMaxRenderPass.cpp">
      <Filter>Source Files\Imaging</Filter>
    </ClCompile>
    <ClCompile Include="Imaging\HdMaxRenderTask.cpp">
      <Filter>Source Files\Imaging</Filter>
    </ClCompile>
    <ClCompile Include="Imaging\HdMaxTaskController.cpp">
      <Filter>Source Files\Imaging</Filter>
    </ClCompile>
    <ClCompile Include="HdMaxMaterialCollection.cpp">
      <Filter>Source Files</Filter>
    </ClCompile>
    <ClCompile Include="MaxRenderGeometryFacade.cpp">
      <Filter>Source Files</Filter>
    </ClCompile>
    <ClCompile Include="HdMaxColorMaterial.cpp">
      <Filter>Source Files</Filter>
    </ClCompile>
    <ClCompile Include="SelectionRenderItem.cpp">
      <Filter>Source Files</Filter>
    </ClCompile>
    <ClCompile Include="HdMaxDisplaySettings.cpp">
      <Filter>Source Files</Filter>
    </ClCompile>
    <ClCompile Include="HdMaxDisplayPreferences.cpp">
      <Filter>Source Files</Filter>
    </ClCompile>
    <ClCompile Include="Sampler.cpp">
      <Filter>Source Files</Filter>
    </ClCompile>
    <ClCompile Include="DebugCodes.cpp">
      <Filter>Source Files</Filter>
    </ClCompile>
    <ClCompile Include="DllEntry.cpp">
      <Filter>Source Files</Filter>
    </ClCompile>
    <ClCompile Include="HdLightGizmoSceneIndexFilter.cpp">
      <Filter>Source Files</Filter>
    </ClCompile>
    <ClCompile Include="HdMaxLightGizmoMeshAccess.cpp">
      <Filter>Source Files</Filter>
    </ClCompile>
  </ItemGroup>
  <ItemGroup>
    <ClInclude Include="HdMaxDisplaySettings.h">
      <Filter>Header Files</Filter>
    </ClInclude>
    <ClInclude Include="HdMaxEngine.h">
      <Filter>Header Files</Filter>
    </ClInclude>
    <ClInclude Include="HdMaxChangeTracker.h">
      <Filter>Header Files</Filter>
    </ClInclude>
    <ClInclude Include="HdMaxConsolidator.h">
      <Filter>Header Files</Filter>
    </ClInclude>
    <ClInclude Include="HdMaxInstanceGen.h">
      <Filter>Header Files</Filter>
    </ClInclude>
    <ClInclude Include="HdMaxRenderData.h">
      <Filter>Header Files</Filter>
    </ClInclude>
    <ClInclude Include="renderdelegate_banned.h">
      <Filter>Header Files</Filter>
    </ClInclude>
    <ClInclude Include="RenderDelegateAPI.h">
      <Filter>Header Files</Filter>
    </ClInclude>
    <ClInclude Include="Imaging\HdMaxTaskController.h">
      <Filter>Header Files\Imaging</Filter>
    </ClInclude>
    <ClInclude Include="Imaging\HdMaxExtComputation.h">
      <Filter>Header Files\Imaging</Filter>
    </ClInclude>
    <ClInclude Include="Imaging\HdMaxInstancer.h">
      <Filter>Header Files\Imaging</Filter>
    </ClInclude>
    <ClInclude Include="Imaging\HdMaxMaterial.h">
      <Filter>Header Files\Imaging</Filter>
    </ClInclude>
    <ClInclude Include="Imaging\HdMaxMesh.h">
      <Filter>Header Files\Imaging</Filter>
    </ClInclude>
    <ClInclude Include="Imaging\HdMaxRenderDelegate.h">
      <Filter>Header Files\Imaging</Filter>
    </ClInclude>
    <ClInclude Include="Imaging\HdMaxRenderPass.h">
      <Filter>Header Files\Imaging</Filter>
    </ClInclude>
    <ClInclude Include="Imaging\HdMaxRenderTask.h">
      <Filter>Header Files\Imaging</Filter>
    </ClInclude>
    <ClInclude Include="HdMaxMaterialCollection.h">
      <Filter>Header Files</Filter>
    </ClInclude>
    <ClInclude Include="MaxRenderGeometryFacade.h">
      <Filter>Header Files</Filter>
    </ClInclude>
    <ClInclude Include="HdMaxColorMaterial.h">
      <Filter>Header Files</Filter>
    </ClInclude>
    <ClInclude Include="SelectionRenderItem.h">
      <Filter>Header Files</Filter>
    </ClInclude>
    <ClInclude Include="HdMaxDisplayPreferences.h">
      <Filter>Header Files</Filter>
    </ClInclude>
    <ClInclude Include="PrimvarInfo.h">
      <Filter>Header Files</Filter>
    </ClInclude>
    <ClInclude Include="Sampler.h">
      <Filter>Header Files</Filter>
    </ClInclude>
    <ClInclude Include="DebugCodes.h">
      <Filter>Header Files</Filter>
    </ClInclude>
    <ClInclude Include="resource.h">
      <Filter>Header Files</Filter>
    </ClInclude>
    <ClInclude Include="DLLEntry.h">
      <Filter>Header Files</Filter>
    </ClInclude>
    <ClInclude Include="HdLightGizmoSceneIndexFilter.h">
      <Filter>Header Files</Filter>
    </ClInclude>
    <ClInclude Include="HdMaxLightGizmoMeshAccess.h">
      <Filter>Header Files</Filter>
    </ClInclude>
  </ItemGroup>
  <ItemGroup>
    <ResourceCompile Include="RenderDelegate.rc">
      <Filter>Resource Files</Filter>
    </ResourceCompile>
  </ItemGroup>
</Project>