<?xml version="1.0" encoding="utf-8"?>
<Project ToolsVersion="4.0" xmlns="http://schemas.microsoft.com/developer/msbuild/2003">
  <ItemGroup>
    <Filter Include="Source Files">
      <UniqueIdentifier>{fbad0f2d-faaa-4b0b-865c-583fac8ddcb1}</UniqueIdentifier>
      <Extensions>cpp;c;cxx;rc;def;r;odl;idl;hpj;bat</Extensions>
    </Filter>
    <Filter Include="Header Files">
      <UniqueIdentifier>{92f20462-242f-4a0c-883e-b3c33819b84b}</UniqueIdentifier>
      <Extensions>h;hpp;hxx;hm;inl</Extensions>
    </Filter>
    <Filter Include="Resource Files">
      <UniqueIdentifier>{ad6e765e-4300-41dc-b185-05b019286785}</UniqueIdentifier>
      <Extensions>ico;cur;bmp;dlg;rc2;rct;bin;rgs;gif;jpg;jpeg;jpe</Extensions>
    </Filter>
    <Filter Include="Form Files">
      <UniqueIdentifier>{99349809-55BA-4b9d-BF79-8FDBB0286EB3}</UniqueIdentifier>
      <Extensions>ui</Extensions>
      <ParseFiles>true</ParseFiles>
    </Filter>
    <Filter Include="Generated Files">
      <UniqueIdentifier>{71ED8ED8-ACB9-4CE9-BBE1-E00B30144E11}</UniqueIdentifier>
      <Extensions>moc;h;cpp</Extensions>
      <ParseFiles>true</ParseFiles>
    </Filter>
    <Filter Include="Header Files\Views">
      <UniqueIdentifier>{72ec3609-7a83-49f9-8821-b4f19f3b41d2}</UniqueIdentifier>
    </Filter>
    <Filter Include="Source Files\Views">
      <UniqueIdentifier>{06322571-d2a9-4840-b6cb-4482e561f539}</UniqueIdentifier>
    </Filter>
  </ItemGroup>
  <ItemGroup>
    <ClCompile Include="DllEntry.cpp">
      <Filter>Source Files</Filter>
    </ClCompile>
    <ClCompile Include="USDImport.cpp">
      <Filter>Source Files</Filter>
    </ClCompile>
    <ClCompile Include="Views\USDImportDialog.cpp">
      <Filter>Source Files\Views</Filter>
    </ClCompile>
    <ClCompile Include="USDImportInterface.cpp">
      <Filter>Source Files</Filter>
    </ClCompile>
  </ItemGroup>
  <ItemGroup>
    <ClInclude Include="resource.h">
      <Filter>Header Files</Filter>
    </ClInclude>
    <ClInclude Include="usdimport_banned.h">
      <Filter>Header Files</Filter>
    </ClInclude>
    <ClInclude Include="Views\USDImportDialog.h">
      <Filter>Header Files\Views</Filter>
    </ClInclude>
    <ClInclude Include="$(UI_DIR)\ui_USDImportDialog.h">
      <Filter>Generated Files</Filter>
    </ClInclude>
    <ClInclude Include="USDImport.h">
      <Filter>Header Files</Filter>
    </ClInclude>
    <ClInclude Include="Views\IUSDImportView.h">
      <Filter>Header Files\Views</Filter>
    </ClInclude>
    <ClInclude Include="VersionOverrides.h">
      <Filter>Header Files</Filter>
    </ClInclude>
    <ClInclude Include="DLLEntry.h">
      <Filter>Header Files</Filter>
    </ClInclude>
  </ItemGroup>
  <ItemGroup>
    <ResourceCompile Include="resource.rc">
      <Filter>Resource Files</Filter>
    </ResourceCompile>
  </ItemGroup>
  <ItemGroup>
    <None Include="USDImport.def" />
  </ItemGroup>
  <ItemGroup>
    <QtUic Include="Views\USDImportDialog.ui">
      <Filter>Form Files</Filter>
    </QtUic>
  </ItemGroup>
</Project>