<?xml version="1.0" encoding="utf-8"?>
<Project ToolsVersion="4.0" xmlns="http://schemas.microsoft.com/developer/msbuild/2003">
  <ItemGroup>
    <Filter Include="Header Files">
      <UniqueIdentifier>{7a1bf55f-d35b-4e17-8f48-2056e9a3cb25}</UniqueIdentifier>
    </Filter>
    <Filter Include="Source Files">
      <UniqueIdentifier>{f5056d61-ef1e-4163-9016-4255c390a2c8}</UniqueIdentifier>
    </Filter>
  </ItemGroup>
  <ItemGroup>
    <ClCompile Include="module.cpp">
      <Filter>Source Files</Filter>
    </ClCompile>
    <ClCompile Include="moduleDeps.cpp">
      <Filter>Source Files</Filter>
    </ClCompile>
    <ClCompile Include="wrapShaderWriter.cpp">
      <Filter>Source Files</Filter>
    </ClCompile>
    <ClCompile Include="pythonObjectRegistry.cpp">
      <Filter>Source Files</Filter>
    </ClCompile>
    <ClCompile Include="wrapShadingMode.cpp">
      <Filter>Source Files</Filter>
    </ClCompile>
    <ClCompile Include="wrapUSDSceneBuilderOptions.cpp">
      <Filter>Source Files</Filter>
    </ClCompile>
    <ClCompile Include="wrapPrimWriter.cpp">
      <Filter>Source Files</Filter>
    </ClCompile>
    <ClCompile Include="wrapTranslationUtils.cpp">
      <Filter>Source Files</Filter>
    </ClCompile>
    <ClCompile Include="wrapExportChaser.cpp">
      <Filter>Source Files</Filter>
    </ClCompile>
    <ClCompile Include="wrapMeshConverter.cpp">
      <Filter>Source Files</Filter>
    </ClCompile>
    <ClCompile Include="wrapUtilities.cpp">
      <Filter>Source Files</Filter>
    </ClCompile>
    <ClCompile Include="wrapJobContextRegistry.cpp">
      <Filter>Source Files</Filter>
    </ClCompile>
    <ClCompile Include="wrapExportTime.cpp">
      <Filter>Source Files</Filter>
    </ClCompile>
    <ClCompile Include="wrapInterval.cpp">
      <Filter>Source Files</Filter>
    </ClCompile>
    <ClCompile Include="wrapMaterialConverter.cpp">
      <Filter>Source Files</Filter>
    </ClCompile>
    <ClCompile Include="wrapMaxSceneBuilderOptions.cpp">
      <Filter>Source Files</Filter>
    </ClCompile>
    <ClCompile Include="wrapPrimReader.cpp">
      <Filter>Source Files</Filter>
    </ClCompile>
    <ClCompile Include="wrapImportChaser.cpp">
      <Filter>Source Files</Filter>
    </ClCompile>
    <ClCompile Include="wrapReadJobContext.cpp">
      <Filter>Source Files</Filter>
    </ClCompile>
    <ClCompile Include="wrapTranslatorMaterial.cpp">
      <Filter>Source Files</Filter>
    </ClCompile>
  </ItemGroup>
  <ItemGroup>
    <ClInclude Include="pythonObjectRegistry.h">
      <Filter>Header Files</Filter>
    </ClInclude>
    <ClInclude Include="wrapUSDSceneBuilderOptions.h">
      <Filter>Header Files</Filter>
    </ClInclude>
    <ClInclude Include="wrapInterval.h">
      <Filter>Header Files</Filter>
    </ClInclude>
    <ClInclude Include="wrapMaxSceneBuilderOptions.h">
      <Filter>Header Files</Filter>
    </ClInclude>
    <ClInclude Include="wrapReadJobContext.h">
      <Filter>Header Files</Filter>
    </ClInclude>
  </ItemGroup>
  <ItemGroup>
    <None Include="maxUsd.py">
      <Filter>Source Files</Filter>
    </None>
  </ItemGroup>
</Project>