<?xml version="1.0" encoding="utf-8"?>
<Project ToolsVersion="4.0" xmlns="http://schemas.microsoft.com/developer/msbuild/2003">
  <ItemGroup>
    <ClCompile Include="maxusdpreferences_pch.cpp" />
    <ClCompile Include="PreferencesDialog.cpp" />
    <ClCompile Include="DllEntry.cpp" />
    <ClCompile Include="PreferenceApplicationHost.cpp" />
    <ClCompile Include="PreferencesManagement.cpp" />
  </ItemGroup>
  <ItemGroup>
    <None Include="MaxUsd_Preferences.def" />
  </ItemGroup>
  <ItemGroup>
    <QtMoc Include="PreferencesDialog.h" />
  </ItemGroup>
  <ItemGroup>
    <QtUic Include="PreferencesDialog.ui" />
  </ItemGroup>
  <ItemGroup>
    <ClInclude Include="PreferencesExport.h" />
    <ClInclude Include="DLLEntry.h" />
    <ClInclude Include="$(UI_DIR)\ui_PreferencesDialog.h" />
    <ClInclude Include="PreferenceApplicationHost.h" />
    <ClInclude Include="PreferencesManagement.h" />
  </ItemGroup>
</Project>