<?xml version="1.0" encoding="utf-8"?>
<Project ToolsVersion="4.0" xmlns="http://schemas.microsoft.com/developer/msbuild/2003">
  <ItemGroup>
    <ClCompile Include="itemSearch.cpp">
      <Filter>Source Files</Filter>
    </ClCompile>
    <ClCompile Include="Widgets\qSpinnerOverlayWidget.cpp">
      <Filter>Source Files\Widgets</Filter>
    </ClCompile>
    <ClCompile Include="Widgets\qSpinnerWidget.cpp">
      <Filter>Source Files\Widgets</Filter>
    </ClCompile>
    <ClCompile Include="Widgets\resizeEventFilter.cpp">
      <Filter>Source Files\Widgets</Filter>
    </ClCompile>
    <ClCompile Include="explorerSearchThread.cpp">
      <Filter>Source Files</Filter>
    </ClCompile>
    <ClCompile Include="standardTreeColumns.cpp">
      <Filter>Source Files</Filter>
    </ClCompile>
    <ClCompile Include="treeItem.cpp">
      <Filter>Source Files</Filter>
    </ClCompile>
    <ClCompile Include="treeModel.cpp">
      <Filter>Source Files</Filter>
    </ClCompile>
    <ClCompile Include="icon.cpp">
      <Filter>Source Files</Filter>
    </ClCompile>
    <ClCompile Include="utils.cpp">
      <Filter>Source Files</Filter>
    </ClCompile>
    <ClCompile Include="editCommand.cpp">
      <Filter>Source Files</Filter>
    </ClCompile>
    <ClCompile Include="highlightItemDelegate.cpp">
      <Filter>Source Files</Filter>
    </ClCompile>
    <ClCompile Include="qExplorerTreeViewContextMenu.cpp">
      <Filter>Source Files</Filter>
    </ClCompile>
    <ClCompile Include="Views\explorerHost.cpp">
      <Filter>Source Files\Views</Filter>
    </ClCompile>
    <ClCompile Include="Views\tabWidget.cpp">
      <Filter>Source Files\Views</Filter>
    </ClCompile>
    <ClCompile Include="Views\explorerStyle.cpp">
      <Filter>Source Files\Views</Filter>
    </ClCompile>
    <ClCompile Include="replaceSelectionCommand.cpp">
      <Filter>Source Files</Filter>
    </ClCompile>
    <ClCompile Include="Views\explorer.cpp">
      <Filter>Source Files\Views</Filter>
    </ClCompile>
    <ClCompile Include="Views\qExplorerTreeView.cpp">
      <Filter>Source Files\Views</Filter>
    </ClCompile>
    <ClCompile Include="treeColumn.cpp">
      <Filter>Source Files</Filter>
    </ClCompile>
    <ClCompile Include="Widgets\qFilenameEdit.cpp">
      <Filter>Source Files\Widgets</Filter>
    </ClCompile>
  </ItemGroup>
  <ItemGroup>
    <ClInclude Include="explorerSearchThread.h">
      <Filter>Header Files</Filter>
    </ClInclude>
    <ClInclude Include="Widgets\qSpinnerOverlayWidget.h">
      <Filter>Header Files\Widgets</Filter>
    </ClInclude>
    <ClInclude Include="Widgets\qSpinnerWidget.h">
      <Filter>Header Files\Widgets</Filter>
    </ClInclude>
    <ClInclude Include="Widgets\resizeEventFilter.h">
      <Filter>Header Files\Widgets</Filter>
    </ClInclude>
    <ClInclude Include="itemSearch.h">
      <Filter>Header Files</Filter>
    </ClInclude>
    <ClInclude Include="standardTreeColumns.h">
      <Filter>Header Files</Filter>
    </ClInclude>
    <ClInclude Include="treeColumn.h">
      <Filter>Header Files</Filter>
    </ClInclude>
    <ClInclude Include="ufeUiAPI.h">
      <Filter>Header Files</Filter>
    </ClInclude>
    <ClInclude Include="icon.h">
      <Filter>Header Files</Filter>
    </ClInclude>
    <ClInclude Include="utils.h">
      <Filter>Header Files</Filter>
    </ClInclude>
    <ClInclude Include="treeItem.h">
      <Filter>Header Files</Filter>
    </ClInclude>
    <ClInclude Include="editCommand.h">
      <Filter>Header Files</Filter>
    </ClInclude>
    <ClInclude Include="highlightItemDelegate.h">
      <Filter>Header Files</Filter>
    </ClInclude>
    <ClInclude Include="Views\qExplorerTreeView.h">
      <Filter>Header Files</Filter>
    </ClInclude>
    <ClInclude Include="qExplorerTreeViewContextMenu.h">
      <Filter>Header Files</Filter>
    </ClInclude>
    <ClInclude Include="replaceSelectionCommand.h">
      <Filter>Header Files</Filter>
    </ClInclude>
    <ClInclude Include="genericCommand.h">
      <Filter>Header Files</Filter>
    </ClInclude>
  </ItemGroup>
  <ItemGroup>
    <QtUic Include="Views\explorer.ui">
      <Filter>Form Files</Filter>
    </QtUic>
  </ItemGroup>
  <ItemGroup>
    <Filter Include="Source Files">
      <UniqueIdentifier>{bf79e9d5-6716-4d23-9edd-aabb8b2b199e}</UniqueIdentifier>
    </Filter>
    <Filter Include="Form Files">
      <UniqueIdentifier>{d8126168-b1d4-4b98-a685-8e4a917c9fa3}</UniqueIdentifier>
    </Filter>
    <Filter Include="Header Files">
      <UniqueIdentifier>{fcd85ab1-08c3-4555-82a7-fb04c6112433}</UniqueIdentifier>
    </Filter>
    <Filter Include="Header Files\Widgets">
      <UniqueIdentifier>{d2961ff8-f040-4ada-bf5a-031dda51049c}</UniqueIdentifier>
    </Filter>
    <Filter Include="Source Files\Widgets">
      <UniqueIdentifier>{97b80895-0bc1-4e8f-9358-df4a96b2206b}</UniqueIdentifier>
    </Filter>
    <Filter Include="Source Files\Views">
      <UniqueIdentifier>{ac50ea4e-e3df-4f45-bd3d-098035059987}</UniqueIdentifier>
    </Filter>
    <Filter Include="Header Files\Views">
      <UniqueIdentifier>{97af798e-c256-4b10-b4b8-924b477424a2}</UniqueIdentifier>
    </Filter>
  </ItemGroup>
  <ItemGroup>
    <QtMoc Include="treeModel.h">
      <Filter>Header Files</Filter>
    </QtMoc>
    <QtMoc Include="Views\explorerHost.h">
      <Filter>Header Files\Views</Filter>
    </QtMoc>
    <QtMoc Include="Views\tabWidget.h">
      <Filter>Header Files\Views</Filter>
    </QtMoc>
    <QtMoc Include="Views\explorer.h">
      <Filter>Header Files\Views</Filter>
    </QtMoc>
    <QtMoc Include="Views\ExplorerStyle.h">
      <Filter>Header Files\Views</Filter>
    </QtMoc>
    <QtMoc Include="Widgets\qFilenameEdit.h">
      <Filter>Header Files\Widgets</Filter>
    </QtMoc>
  </ItemGroup>
</Project>