<?xml version="1.0" encoding="utf-8"?>
<Project ToolsVersion="4.0" xmlns="http://schemas.microsoft.com/developer/msbuild/2003">
  <ItemGroup>
    <ClCompile Include="testUfeRuntime.cpp">
      <Filter>Source Files</Filter>
    </ClCompile>
    <ClCompile Include="main.cpp">
      <Filter>Source Files</Filter>
    </ClCompile>
    <ClCompile Include="ufeUi.explorerObserver.test.cpp">
      <Filter>Source Files</Filter>
    </ClCompile>
    <ClCompile Include="ufeUi.standardTreeColumns.test.cpp">
      <Filter>Source Files</Filter>
    </ClCompile>
    <ClCompile Include="ufeUi.treeItem.test.cpp">
      <Filter>Source Files</Filter>
    </ClCompile>
    <ClCompile Include="ufeUi.treeModel.test.cpp">
      <Filter>Source Files</Filter>
    </ClCompile>
    <ClCompile Include="utils.cpp">
      <Filter>Source Files</Filter>
    </ClCompile>
    <ClCompile Include="ufeUi.explorer.cpp">
      <Filter>Source Files</Filter>
    </ClCompile>
    <ClCompile Include="ufeUi.utils.test.cpp">
      <Filter>Source Files</Filter>
    </ClCompile>
  </ItemGroup>
  <ItemGroup>
    <ClInclude Include="utils.h">
      <Filter>Header Files</Filter>
    </ClInclude>
    <ClInclude Include="testUfeRuntime.h">
      <Filter>Header Files</Filter>
    </ClInclude>
    <ClInclude Include="ufeUiTestBase.h">
      <Filter>Header Files</Filter>
    </ClInclude>
  </ItemGroup>
  <ItemGroup>
    <Filter Include="Header Files">
      <UniqueIdentifier>{971bf1e2-f6ba-4815-8596-2096ebfed22e}</UniqueIdentifier>
    </Filter>
    <Filter Include="Source Files">
      <UniqueIdentifier>{241b8c15-135c-4239-bf32-f3fc0a6a9009}</UniqueIdentifier>
    </Filter>
  </ItemGroup>
</Project>