<?xml version="1.0" encoding="utf-8"?>
<Project ToolsVersion="4.0" xmlns="http://schemas.microsoft.com/developer/msbuild/2003">
  <ItemGroup>
    <ClCompile Include="UserDataExportChaser.cpp">
      <Filter>Source Files</Filter>
    </ClCompile>
    <ClCompile Include="DllEntry.cpp">
      <Filter>Source Files</Filter>
    </ClCompile>
    <ClCompile Include="ExportOptionsDialog.cpp">
      <Filter>Source Files</Filter>
    </ClCompile>
  </ItemGroup>
  <ItemGroup>
    <Filter Include="Source Files">
      <UniqueIdentifier>{736bd8fe-eeb6-4c2b-a0ab-dc1037725910}</UniqueIdentifier>
    </Filter>
    <Filter Include="Source Files\python">
      <UniqueIdentifier>{c3509517-bd52-40a7-ab6f-a09227ec306b}</UniqueIdentifier>
    </Filter>
    <Filter Include="Header Files">
      <UniqueIdentifier>{a6749ed4-ce14-4a10-9eeb-afdaff80a895}</UniqueIdentifier>
    </Filter>
    <Filter Include="Source Files\Contents">
      <UniqueIdentifier>{4524682a-81be-441f-85c9-08dc74790ba1}</UniqueIdentifier>
    </Filter>
    <Filter Include="Form Files">
      <UniqueIdentifier>{02e68e56-c893-4fba-9bf2-1729355bc0b9}</UniqueIdentifier>
    </Filter>
  </ItemGroup>
  <ItemGroup>
    <ClInclude Include="DLLEntry.h">
      <Filter>Header Files</Filter>
    </ClInclude>
  </ItemGroup>
  <ItemGroup>
    <None Include="Contents\plugInfo.json">
      <Filter>Source Files\Contents</Filter>
    </None>
    <None Include="Contents\RegisterPlugin.ms">
      <Filter>Source Files\Contents</Filter>
    </None>
    <None Include="Contents\python\plugInfo.json">
      <Filter>Source Files\python</Filter>
    </None>
    <None Include="Contents\python\UserDataExportChaser.py">
      <Filter>Source Files\python</Filter>
    </None>
    <None Include="PackageContents.xml" />
  </ItemGroup>
  <ItemGroup>
    <QtUic Include="ExportOptionsDialog.ui">
      <Filter>Form Files</Filter>
    </QtUic>
  </ItemGroup>
  <ItemGroup>
    <QtMoc Include="ExportOptionsDialog.h">
      <Filter>Header Files</Filter>
    </QtMoc>
  </ItemGroup>
</Project>